
Microsoft Visual Studio Solution File, Format Version 12.00
# Visual Studio 15
Project("{FAE04EC0-301F-11D3-BF4B-00C04F79EFBC}") = "Assembly-CSharp", "Assembly-CSharp.csproj", "{3681D378-12E9-2F09-86E1-A5EE69F5BB00}"
EndProject
Project("{FAE04EC0-301F-11D3-BF4B-00C04F79EFBC}") = "Assembly-CSharp-Editor", "Assembly-CSharp-Editor.csproj", "{D15B2BD2-E7DE-108A-CD9B-6B4763D2DE4D}"
EndProject
Global
	GlobalSection(SolutionConfigurationPlatforms) = preSolution
		Debug|Any CPU = Debug|Any CPU
		Release|Any CPU = Release|Any CPU
	EndGlobalSection
	GlobalSection(ProjectConfigurationPlatforms) = postSolution
		{3681D378-12E9-2F09-86E1-A5EE69F5BB00}.Debug|Any CPU.ActiveCfg = Debug|Any CPU
		{3681D378-12E9-2F09-86E1-A5EE69F5BB00}.Debug|Any CPU.Build.0 = Debug|Any CPU
		{3681D378-12E9-2F09-86E1-A5EE69F5BB00}.Release|Any CPU.ActiveCfg = Release|Any CPU
		{3681D378-12E9-2F09-86E1-A5EE69F5BB00}.Release|Any CPU.Build.0 = Release|Any CPU
		{D15B2BD2-E7DE-108A-CD9B-6B4763D2DE4D}.Debug|Any CPU.ActiveCfg = Debug|Any CPU
		{D15B2BD2-E7DE-108A-CD9B-6B4763D2DE4D}.Debug|Any CPU.Build.0 = Debug|Any CPU
		{D15B2BD2-E7DE-108A-CD9B-6B4763D2DE4D}.Release|Any CPU.ActiveCfg = Release|Any CPU
		{D15B2BD2-E7DE-108A-CD9B-6B4763D2DE4D}.Release|Any CPU.Build.0 = Release|Any CPU
	EndGlobalSection
	GlobalSection(SolutionProperties) = preSolution
		HideSolutionNode = FALSE
	EndGlobalSection
EndGlobal
